
Microsoft Visual Studio Solution File, Format Version 12.00
# Visual Studio 14
VisualStudioVersion = 14.0.24720.0
MinimumVisualStudioVersion = 10.0.40219.1
Project("{FAE04EC0-301F-11D3-BF4B-00C04F79EFBC}") = "LiquidVassel", "LiquidVassel\LiquidVassel.csproj", "{695FF481-3422-4DE0-B6A2-7180223B4116}"
EndProject
Global
	GlobalSection(SolutionConfigurationPlatforms) = preSolution
		Debug|Any CPU = Debug|Any CPU
		Release|Any CPU = Release|Any CPU
	EndGlobalSection
	GlobalSection(ProjectConfigurationPlatforms) = postSolution
		{695FF481-3422-4DE0-B6A2-7180223B4116}.Debug|Any CPU.ActiveCfg = Debug|Any CPU
		{695FF481-3422-4DE0-B6A2-7180223B4116}.Debug|Any CPU.Build.0 = Debug|Any CPU
		{695FF481-3422-4DE0-B6A2-7180223B4116}.Release|Any CPU.ActiveCfg = Release|Any CPU
		{695FF481-3422-4DE0-B6A2-7180223B4116}.Release|Any CPU.Build.0 = Release|Any CPU
	EndGlobalSection
	GlobalSection(SolutionProperties) = preSolution
		HideSolutionNode = FALSE
	EndGlobalSection
EndGlobal
